
Microsoft Visual Studio Solution File, Format Version 12.00
# Visual Studio 14
VisualStudioVersion = 14.0.24720.0
MinimumVisualStudioVersion = 10.0.40219.1
Project("{FAE04EC0-301F-11D3-BF4B-00C04F79EFBC}") = "WebApi", "WebApi\WebApi.csproj", "{9395C67A-B4E0-4EBF-B67E-4C22A4489F34}"
EndProject
Project("{FAE04EC0-301F-11D3-BF4B-00C04F79EFBC}") = "WebApi.Tests", "WebApi.Tests\WebApi.Tests.csproj", "{BEDBFC26-CF28-44E4-B25E-D1E9D7558473}"
EndProject
Global
	GlobalSection(SolutionConfigurationPlatforms) = preSolution
		Debug|Any CPU = Debug|Any CPU
		Release|Any CPU = Release|Any CPU
	EndGlobalSection
	GlobalSection(ProjectConfigurationPlatforms) = postSolution
		{9395C67A-B4E0-4EBF-B67E-4C22A4489F34}.Debug|Any CPU.ActiveCfg = Debug|Any CPU
		{9395C67A-B4E0-4EBF-B67E-4C22A4489F34}.Debug|Any CPU.Build.0 = Debug|Any CPU
		{9395C67A-B4E0-4EBF-B67E-4C22A4489F34}.Release|Any CPU.ActiveCfg = Release|Any CPU
		{9395C67A-B4E0-4EBF-B67E-4C22A4489F34}.Release|Any CPU.Build.0 = Release|Any CPU
		{BEDBFC26-CF28-44E4-B25E-D1E9D7558473}.Debug|Any CPU.ActiveCfg = Debug|Any CPU
		{BEDBFC26-CF28-44E4-B25E-D1E9D7558473}.Debug|Any CPU.Build.0 = Debug|Any CPU
		{BEDBFC26-CF28-44E4-B25E-D1E9D7558473}.Release|Any CPU.ActiveCfg = Release|Any CPU
		{BEDBFC26-CF28-44E4-B25E-D1E9D7558473}.Release|Any CPU.Build.0 = Release|Any CPU
	EndGlobalSection
	GlobalSection(SolutionProperties) = preSolution
		HideSolutionNode = FALSE
	EndGlobalSection
EndGlobal
